
Microsoft Visual Studio Solution File, Format Version 12.00
# Visual Studio Version 16
VisualStudioVersion = 16.0.31205.134
MinimumVisualStudioVersion = 10.0.40219.1
Project("{9A19103F-16F7-4668-BE54-9A1E7A4F7556}") = "Store.Presentation", "Store.Presentation\Store.Presentation.csproj", "{A85D9BAA-F4A3-40AF-B09F-9175B4AAEAA7}"
EndProject
Project("{9A19103F-16F7-4668-BE54-9A1E7A4F7556}") = "Store.BusinessLogic", "Store.BusinessLogic\Store.BusinessLogic.csproj", "{D20E2573-73DB-40C3-8146-4A570EA8ECD0}"
EndProject
Project("{9A19103F-16F7-4668-BE54-9A1E7A4F7556}") = "Store.DataAcess", "Store.DataAcess\Store.DataAcess.csproj", "{679E0C77-A995-4AE5-8FC4-5FF773927282}"
EndProject
Project("{FAE04EC0-301F-11D3-BF4B-00C04F79EFBC}") = "Shared", "Shared\Shared.csproj", "{065B9B0D-32FC-4627-939E-A7B6E73AD1A6}"
EndProject
Global
	GlobalSection(SolutionConfigurationPlatforms) = preSolution
		Debug|Any CPU = Debug|Any CPU
		Release|Any CPU = Release|Any CPU
	EndGlobalSection
	GlobalSection(ProjectConfigurationPlatforms) = postSolution
		{A85D9BAA-F4A3-40AF-B09F-9175B4AAEAA7}.Debug|Any CPU.ActiveCfg = Debug|Any CPU
		{A85D9BAA-F4A3-40AF-B09F-9175B4AAEAA7}.Debug|Any CPU.Build.0 = Debug|Any CPU
		{A85D9BAA-F4A3-40AF-B09F-9175B4AAEAA7}.Release|Any CPU.ActiveCfg = Release|Any CPU
		{A85D9BAA-F4A3-40AF-B09F-9175B4AAEAA7}.Release|Any CPU.Build.0 = Release|Any CPU
		{D20E2573-73DB-40C3-8146-4A570EA8ECD0}.Debug|Any CPU.ActiveCfg = Debug|Any CPU
		{D20E2573-73DB-40C3-8146-4A570EA8ECD0}.Debug|Any CPU.Build.0 = Debug|Any CPU
		{D20E2573-73DB-40C3-8146-4A570EA8ECD0}.Release|Any CPU.ActiveCfg = Release|Any CPU
		{D20E2573-73DB-40C3-8146-4A570EA8ECD0}.Release|Any CPU.Build.0 = Release|Any CPU
		{679E0C77-A995-4AE5-8FC4-5FF773927282}.Debug|Any CPU.ActiveCfg = Debug|Any CPU
		{679E0C77-A995-4AE5-8FC4-5FF773927282}.Debug|Any CPU.Build.0 = Debug|Any CPU
		{679E0C77-A995-4AE5-8FC4-5FF773927282}.Release|Any CPU.ActiveCfg = Release|Any CPU
		{679E0C77-A995-4AE5-8FC4-5FF773927282}.Release|Any CPU.Build.0 = Release|Any CPU
		{065B9B0D-32FC-4627-939E-A7B6E73AD1A6}.Debug|Any CPU.ActiveCfg = Debug|Any CPU
		{065B9B0D-32FC-4627-939E-A7B6E73AD1A6}.Debug|Any CPU.Build.0 = Debug|Any CPU
		{065B9B0D-32FC-4627-939E-A7B6E73AD1A6}.Release|Any CPU.ActiveCfg = Release|Any CPU
		{065B9B0D-32FC-4627-939E-A7B6E73AD1A6}.Release|Any CPU.Build.0 = Release|Any CPU
	EndGlobalSection
	GlobalSection(SolutionProperties) = preSolution
		HideSolutionNode = FALSE
	EndGlobalSection
	GlobalSection(ExtensibilityGlobals) = postSolution
		SolutionGuid = {43CEA278-4460-49E0-A79E-7AA6A03AA93B}
	EndGlobalSection
EndGlobal
